
Microsoft Visual Studio Solution File, Format Version 12.00
# Visual Studio Version 17
VisualStudioVersion = 17.5.33424.131
MinimumVisualStudioVersion = 10.0.40219.1
Project("{FAE04EC0-301F-11D3-BF4B-00C04F79EFBC}") = "WebMVC", "WebMVC\WebMVC.csproj", "{2374E037-ABEB-4A95-B396-16247210F61E}"
EndProject
Global
	GlobalSection(SolutionConfigurationPlatforms) = preSolution
		Debug|Any CPU = Debug|Any CPU
		Release|Any CPU = Release|Any CPU
	EndGlobalSection
	GlobalSection(ProjectConfigurationPlatforms) = postSolution
		{2374E037-ABEB-4A95-B396-16247210F61E}.Debug|Any CPU.ActiveCfg = Debug|Any CPU
		{2374E037-ABEB-4A95-B396-16247210F61E}.Debug|Any CPU.Build.0 = Debug|Any CPU
		{2374E037-ABEB-4A95-B396-16247210F61E}.Release|Any CPU.ActiveCfg = Release|Any CPU
		{2374E037-ABEB-4A95-B396-16247210F61E}.Release|Any CPU.Build.0 = Release|Any CPU
	EndGlobalSection
	GlobalSection(SolutionProperties) = preSolution
		HideSolutionNode = FALSE
	EndGlobalSection
	GlobalSection(ExtensibilityGlobals) = postSolution
		SolutionGuid = {AEB5C78D-4CA5-498E-8050-9AA19DBB59E0}
	EndGlobalSection
EndGlobal
